
Microsoft Visual Studio Solution File, Format Version 12.00
# Visual Studio Version 17
VisualStudioVersion = 17.7.34018.315
MinimumVisualStudioVersion = 10.0.40219.1
Project("{9A19103F-16F7-4668-BE54-9A1E7A4F7556}") = "SunFarmLogic", "SunFarmLogic_CS\SunFarmLogic.csproj", "{4B2BE70A-5DA2-4905-BC5E-CB9F20D25576}"
EndProject
Project("{9A19103F-16F7-4668-BE54-9A1E7A4F7556}") = "SunFarmSite", "SunFarmSite\SunFarmSite.csproj", "{05E97C94-F02C-48C9-916A-4D8A38462427}"
EndProject
Global
	GlobalSection(SolutionConfigurationPlatforms) = preSolution
		Debug|Any CPU = Debug|Any CPU
		Release|Any CPU = Release|Any CPU
	EndGlobalSection
	GlobalSection(ProjectConfigurationPlatforms) = postSolution
		{4B2BE70A-5DA2-4905-BC5E-CB9F20D25576}.Debug|Any CPU.ActiveCfg = Debug|Any CPU
		{4B2BE70A-5DA2-4905-BC5E-CB9F20D25576}.Debug|Any CPU.Build.0 = Debug|Any CPU
		{4B2BE70A-5DA2-4905-BC5E-CB9F20D25576}.Release|Any CPU.ActiveCfg = Release|Any CPU
		{4B2BE70A-5DA2-4905-BC5E-CB9F20D25576}.Release|Any CPU.Build.0 = Release|Any CPU
		{05E97C94-F02C-48C9-916A-4D8A38462427}.Debug|Any CPU.ActiveCfg = Debug|Any CPU
		{05E97C94-F02C-48C9-916A-4D8A38462427}.Debug|Any CPU.Build.0 = Debug|Any CPU
		{05E97C94-F02C-48C9-916A-4D8A38462427}.Release|Any CPU.ActiveCfg = Release|Any CPU
		{05E97C94-F02C-48C9-916A-4D8A38462427}.Release|Any CPU.Build.0 = Release|Any CPU
	EndGlobalSection
	GlobalSection(SolutionProperties) = preSolution
		HideSolutionNode = FALSE
	EndGlobalSection
	GlobalSection(ExtensibilityGlobals) = postSolution
		SolutionGuid = {582D91ED-CC28-493E-82CE-2AE29468D492}
	EndGlobalSection
EndGlobal
